Microsoft Visual Studio Solution File, Format Version 12.00
# Visual Studio 15
VisualStudioVersion = 15.0.28307.1300
MinimumVisualStudioVersion = 10.0.40219.1
Project("{8BC9CEB8-8B4A-11D0-8D11-00A0C91BC942}") = "LHash", "fileshash.vcxproj", "{6644A084-A7A3-40C1-9DDD-3312944FED03}"
	ProjectSection(ProjectDependencies) = postProject
		{E500D56F-3EE3-403C-A24C-034822AE3DF5} = {E500D56F-3EE3-403C-A24C-034822AE3DF5}
	EndProjectSection
EndProject
Project("{8BC9CEB8-8B4A-11D0-8D11-00A0C91BC942}") = "LHashNativeCore", "..\sub-proj\LHashNativeCore\LHashNativeCore.vcxproj", "{E500D56F-3EE3-403C-A24C-034822AE3DF5}"
EndProject
Project("{8BC9CEB8-8B4A-11D0-8D11-00A0C91BC942}") = "LHashShlExt", "..\sub-proj\LHashShlExt\LHashShlExt.vcxproj", "{853488C2-0156-427B-BD20-FD6ECF3782EC}"
EndProject
Project("{8BC9CEB8-8B4A-11D0-8D11-00A0C91BC942}") = "LHash.NativeRuntimeTests", "..\native-runtime-tests\LHash.NativeRuntimeTests\LHash.NativeRuntimeTests.vcxproj", "{C3D2A65F-2A96-4E0C-B2C4-7A9A4B0D2D11}"
EndProject
Global
	GlobalSection(SolutionConfigurationPlatforms) = preSolution
		Debug|ARM64 = Debug|ARM64
		Debug|x64 = Debug|x64
		Release|ARM64 = Release|ARM64
		Release|x64 = Release|x64
	EndGlobalSection
	GlobalSection(ProjectConfigurationPlatforms) = postSolution
		{6644A084-A7A3-40C1-9DDD-3312944FED03}.Debug|ARM64.ActiveCfg = Debug|ARM64
		{6644A084-A7A3-40C1-9DDD-3312944FED03}.Debug|ARM64.Build.0 = Debug|ARM64
		{6644A084-A7A3-40C1-9DDD-3312944FED03}.Debug|x64.ActiveCfg = Debug|x64
		{6644A084-A7A3-40C1-9DDD-3312944FED03}.Debug|x64.Build.0 = Debug|x64
		{6644A084-A7A3-40C1-9DDD-3312944FED03}.Release|ARM64.ActiveCfg = Release|ARM64
		{6644A084-A7A3-40C1-9DDD-3312944FED03}.Release|ARM64.Build.0 = Release|ARM64
		{6644A084-A7A3-40C1-9DDD-3312944FED03}.Release|x64.ActiveCfg = Release|x64
		{6644A084-A7A3-40C1-9DDD-3312944FED03}.Release|x64.Build.0 = Release|x64
		{E500D56F-3EE3-403C-A24C-034822AE3DF5}.Debug|ARM64.ActiveCfg = Debug|ARM64
		{E500D56F-3EE3-403C-A24C-034822AE3DF5}.Debug|ARM64.Build.0 = Debug|ARM64
		{E500D56F-3EE3-403C-A24C-034822AE3DF5}.Debug|x64.ActiveCfg = Debug|x64
		{E500D56F-3EE3-403C-A24C-034822AE3DF5}.Debug|x64.Build.0 = Debug|x64
		{E500D56F-3EE3-403C-A24C-034822AE3DF5}.Release|ARM64.ActiveCfg = Release|ARM64
		{E500D56F-3EE3-403C-A24C-034822AE3DF5}.Release|ARM64.Build.0 = Release|ARM64
		{E500D56F-3EE3-403C-A24C-034822AE3DF5}.Release|x64.ActiveCfg = Release|x64
		{E500D56F-3EE3-403C-A24C-034822AE3DF5}.Release|x64.Build.0 = Release|x64
		{853488C2-0156-427B-BD20-FD6ECF3782EC}.Debug|x64.ActiveCfg = Debug|x64
		{853488C2-0156-427B-BD20-FD6ECF3782EC}.Debug|x64.Build.0 = Debug|x64
		{853488C2-0156-427B-BD20-FD6ECF3782EC}.Release|x64.ActiveCfg = Release|x64
		{853488C2-0156-427B-BD20-FD6ECF3782EC}.Release|x64.Build.0 = Release|x64
		{C3D2A65F-2A96-4E0C-B2C4-7A9A4B0D2D11}.Debug|x64.ActiveCfg = Debug|x64
		{C3D2A65F-2A96-4E0C-B2C4-7A9A4B0D2D11}.Debug|x64.Build.0 = Debug|x64
		{C3D2A65F-2A96-4E0C-B2C4-7A9A4B0D2D11}.Release|x64.ActiveCfg = Release|x64
		{C3D2A65F-2A96-4E0C-B2C4-7A9A4B0D2D11}.Release|x64.Build.0 = Release|x64
	EndGlobalSection
	GlobalSection(SolutionProperties) = preSolution
		HideSolutionNode = FALSE
	EndGlobalSection
	GlobalSection(ExtensibilityGlobals) = postSolution
		SolutionGuid = {72E6341A-3B10-4A2C-82E8-8390AE16CAC6}
	EndGlobalSection
EndGlobal
